Microsoft Visual Studio Solution File, Format Version 11.00
# Visual Studio 2008

Project("{DA95226D-3263-05AF-6AC9-AA2EECAC5AA5}") = "NavMesh2D", "Assembly-CSharp-vs.csproj", "{C9DB813E-AE07-A98F-51D1-813DD6FDAA66}"
EndProject
Global
	GlobalSection(SolutionConfigurationPlatforms) = preSolution
		Debug|Any CPU = Debug|Any CPU
		Release|Any CPU = Release|Any CPU
	EndGlobalSection
	GlobalSection(ProjectConfigurationPlatforms) = postSolution
		{C9DB813E-AE07-A98F-51D1-813DD6FDAA66}.Debug|Any CPU.ActiveCfg = Debug|Any CPU
		{C9DB813E-AE07-A98F-51D1-813DD6FDAA66}.Debug|Any CPU.Build.0 = Debug|Any CPU
		{C9DB813E-AE07-A98F-51D1-813DD6FDAA66}.Release|Any CPU.ActiveCfg = Release|Any CPU
		{C9DB813E-AE07-A98F-51D1-813DD6FDAA66}.Release|Any CPU.Build.0 = Release|Any CPU
	EndGlobalSection
	GlobalSection(SolutionProperties) = preSolution
		HideSolutionNode = FALSE
	EndGlobalSection
				GlobalSection(MonoDevelopProperties) = preSolution
		StartupItem = Assembly-CSharp.csproj
		Policies = $0
		$0.TextStylePolicy = $1
		$1.inheritsSet = null
		$1.scope = text/x-csharp
		$0.CSharpFormattingPolicy = $2
		$2.inheritsSet = Mono
		$2.inheritsScope = text/x-csharp
		$2.scope = text/x-csharp
		$0.TextStylePolicy = $3
		$3.FileWidth = 120
		$3.TabWidth = 4
		$3.EolMarker = Unix
		$3.inheritsSet = Mono
		$3.inheritsScope = text/plain
		$3.scope = text/plain
	EndGlobalSection

EndGlobal
